Microsoft Visual Studio Solution File, Format Version 12.00
# Visual Studio 2012
Project("{FAE04EC0-301F-11D3-BF4B-00C04F79EFBC}") = "TestFSharpGodot", "TestFSharpGodot.csproj", "{673AE3A8-5B16-4639-9D2C-5EA8A42A2ABE}"
EndProject
Global
	GlobalSection(SolutionConfigurationPlatforms) = preSolution
	Debug|Any CPU = Debug|Any CPU
	ExportDebug|Any CPU = ExportDebug|Any CPU
	ExportRelease|Any CPU = ExportRelease|Any CPU
	EndGlobalSection
	GlobalSection(ProjectConfigurationPlatforms) = postSolution
		{673AE3A8-5B16-4639-9D2C-5EA8A42A2ABE}.Debug|Any CPU.ActiveCfg = Debug|Any CPU
		{673AE3A8-5B16-4639-9D2C-5EA8A42A2ABE}.Debug|Any CPU.Build.0 = Debug|Any CPU
		{673AE3A8-5B16-4639-9D2C-5EA8A42A2ABE}.ExportDebug|Any CPU.ActiveCfg = ExportDebug|Any CPU
		{673AE3A8-5B16-4639-9D2C-5EA8A42A2ABE}.ExportDebug|Any CPU.Build.0 = ExportDebug|Any CPU
		{673AE3A8-5B16-4639-9D2C-5EA8A42A2ABE}.ExportRelease|Any CPU.ActiveCfg = ExportRelease|Any CPU
		{673AE3A8-5B16-4639-9D2C-5EA8A42A2ABE}.ExportRelease|Any CPU.Build.0 = ExportRelease|Any CPU
	EndGlobalSection
EndGlobal
